
Microsoft Visual Studio Solution File, Format Version 12.00
Project("{FAE04EC0-301F-11D3-BF4B-00C04F79EFBC}") = "ProjectManagementSystem.ConsoleApp", "ProjectManagementSystem.ConsoleApp\ProjectManagementSystem.ConsoleApp.csproj", "{BE1CAF24-E678-4E22-B41F-A0732E1661FB}"
EndProject
Project("{FAE04EC0-301F-11D3-BF4B-00C04F79EFBC}") = "ProjectManagementSystem.Core", "ProjectManagementSystem.Core\ProjectManagementSystem.Core.csproj", "{819DAFCE-14C2-4F26-BFC4-72329FC4AC45}"
EndProject
Global
	GlobalSection(SolutionConfigurationPlatforms) = preSolution
		Debug|Any CPU = Debug|Any CPU
		Release|Any CPU = Release|Any CPU
	EndGlobalSection
	GlobalSection(ProjectConfigurationPlatforms) = postSolution
		{BE1CAF24-E678-4E22-B41F-A0732E1661FB}.Debug|Any CPU.ActiveCfg = Debug|Any CPU
		{BE1CAF24-E678-4E22-B41F-A0732E1661FB}.Debug|Any CPU.Build.0 = Debug|Any CPU
		{BE1CAF24-E678-4E22-B41F-A0732E1661FB}.Release|Any CPU.ActiveCfg = Release|Any CPU
		{BE1CAF24-E678-4E22-B41F-A0732E1661FB}.Release|Any CPU.Build.0 = Release|Any CPU
		{819DAFCE-14C2-4F26-BFC4-72329FC4AC45}.Debug|Any CPU.ActiveCfg = Debug|Any CPU
		{819DAFCE-14C2-4F26-BFC4-72329FC4AC45}.Debug|Any CPU.Build.0 = Debug|Any CPU
		{819DAFCE-14C2-4F26-BFC4-72329FC4AC45}.Release|Any CPU.ActiveCfg = Release|Any CPU
		{819DAFCE-14C2-4F26-BFC4-72329FC4AC45}.Release|Any CPU.Build.0 = Release|Any CPU
	EndGlobalSection
EndGlobal
